PODS:
  - AKPickerView (0.2.0)
  - AMTagListView (0.5)
  - CBZSplashView (1.0.0)
  - RWBlurPopover (3.0.1)
  - Shapes (1.0.0)

DEPENDENCIES:
  - AKPickerView
  - AMTagListView
  - CBZSplashView (~> 1.0.0)
  - RWBlurPopover (~> 3.0.0)
  - Shapes

SPEC CHECKSUMS:
  AKPickerView: 9130c48bfa7436c66b81b779fe0c2bebbc44c85f
  AMTagListView: 55d35018b63a78a7f117a8424c2d9df31c960adb
  CBZSplashView: 2d5346c06ae78e3f5ed8ea298ef7daccbceddb16
  RWBlurPopover: 4abc071d7f171db621591d450958de46a8e3f839
  Shapes: cbd759fac21edf867ef3f3a688364f0da3b85f5e

COCOAPODS: 0.33.1
